
Microsoft Visual Studio Solution File, Format Version 12.00
# Visual Studio Version 16
VisualStudioVersion = 16.0.29009.5
MinimumVisualStudioVersion = 10.0.40219.1
Project("{9A19103F-16F7-4668-BE54-9A1E7A4F7556}") = "Geneao", "..\Geneao.csproj", "{1021AE3B-AFDD-4BE4-A23E-5EB2979773D6}"
EndProject
Global
	GlobalSection(SolutionConfigurationPlatforms) = preSolution
		Debug|Any CPU = Debug|Any CPU
		Release|Any CPU = Release|Any CPU
	EndGlobalSection
	GlobalSection(ProjectConfigurationPlatforms) = postSolution
		{1021AE3B-AFDD-4BE4-A23E-5EB2979773D6}.Debug|Any CPU.ActiveCfg = Debug|Any CPU
		{1021AE3B-AFDD-4BE4-A23E-5EB2979773D6}.Debug|Any CPU.Build.0 = Debug|Any CPU
		{1021AE3B-AFDD-4BE4-A23E-5EB2979773D6}.Release|Any CPU.ActiveCfg = Release|Any CPU
		{1021AE3B-AFDD-4BE4-A23E-5EB2979773D6}.Release|Any CPU.Build.0 = Release|Any CPU
	EndGlobalSection
	GlobalSection(SolutionProperties) = preSolution
		HideSolutionNode = FALSE
	EndGlobalSection
	GlobalSection(ExtensibilityGlobals) = postSolution
		SolutionGuid = {ACE1517D-54D0-47BD-AD1C-224F08FF647D}
	EndGlobalSection
EndGlobal
